
Microsoft Visual Studio Solution File, Format Version 12.00
# Visual Studio 15
VisualStudioVersion = 15.0.27130.2026
MinimumVisualStudioVersion = 10.0.40219.1
Project("{FAE04EC0-301F-11D3-BF4B-00C04F79EFBC}") = "DicomCEchoSCP", "DicomCEchoSCP\DicomCEchoSCP.csproj", "{5744B01E-8298-4381-9054-87D5D52F6E53}"
EndProject
Project("{FAE04EC0-301F-11D3-BF4B-00C04F79EFBC}") = "DicomCEchoSCU", "DicomCEchoSCU\DicomCEchoSCU.csproj", "{7D4BD284-850B-44F6-BB64-0EB9367D8E7E}"
EndProject
Project("{2150E333-8FDC-42A3-9474-1A3956D46DE8}") = "C-Echo", "C-Echo", "{053C117C-EC07-478C-9E58-4BE3CFAC201F}"
EndProject
Project("{2150E333-8FDC-42A3-9474-1A3956D46DE8}") = "C-Store", "C-Store", "{4DB06C14-D0CB-4F3D-98E7-AB20A5584A11}"
EndProject
Project("{FAE04EC0-301F-11D3-BF4B-00C04F79EFBC}") = "DicomCStoreSCP", "DicomCStoreSCP\DicomCStoreSCP.csproj", "{373E3D55-69E4-462C-8D7A-83F8D1910751}"
EndProject
Project("{FAE04EC0-301F-11D3-BF4B-00C04F79EFBC}") = "DicomViewer", "DicomViewer\DicomViewer.csproj", "{7155C476-B873-4170-B72B-735150E79F81}"
EndProject
Project("{FAE04EC0-301F-11D3-BF4B-00C04F79EFBC}") = "DicomCStoreSCU", "DicomCStoreSCU\DicomCStoreSCU.csproj", "{E221A1A1-1301-405E-9AD2-E6807A03F06A}"
EndProject
Project("{2150E333-8FDC-42A3-9474-1A3956D46DE8}") = "Services", "Services", "{E6500872-54AE-452C-AD47-56A909E41676}"
EndProject
Project("{FAE04EC0-301F-11D3-BF4B-00C04F79EFBC}") = "DicomDcmPicker", "DicomDcmPicker\DicomDcmPicker\DicomDcmPicker.csproj", "{CF36BF58-D08F-425A-9A6A-D0A86C506110}"
EndProject
Project("{FAE04EC0-301F-11D3-BF4B-00C04F79EFBC}") = "DicomDcmPicker.ServiceModel", "DicomDcmPicker\DicomDcmPicker.ServiceModel\DicomDcmPicker.ServiceModel.csproj", "{8D6DE92C-637E-4433-9810-98D7FBCEA6BA}"
EndProject
Project("{FAE04EC0-301F-11D3-BF4B-00C04F79EFBC}") = "DicomDcmPicker.ServiceInterface", "DicomDcmPicker\DicomDcmPicker.ServiceInterface\DicomDcmPicker.ServiceInterface.csproj", "{130DED02-5984-487C-93DD-0D264EED140E}"
EndProject
Project("{FAE04EC0-301F-11D3-BF4B-00C04F79EFBC}") = "DicomDcmPicker.Tests", "DicomDcmPicker\DicomDcmPicker.Tests\DicomDcmPicker.Tests.csproj", "{12B06E45-12F5-4E56-ADB4-5879D98D3105}"
EndProject
Project("{2150E333-8FDC-42A3-9474-1A3956D46DE8}") = "DcmProcessor", "DcmProcessor", "{1246C4C0-4196-4D64-9B3C-96FA11306766}"
EndProject
Project("{FAE04EC0-301F-11D3-BF4B-00C04F79EFBC}") = "DicomDcmProcessor", "DicomDcmProcessor\DicomDcmProcessor.csproj", "{1C2C47EF-D1E9-4666-9CCB-36EC19D26AE7}"
EndProject
Project("{2150E333-8FDC-42A3-9474-1A3956D46DE8}") = "C-Find", "C-Find", "{BEB53658-CC4E-4C60-8378-D3B2B9E20D3E}"
EndProject
Project("{FAE04EC0-301F-11D3-BF4B-00C04F79EFBC}") = "DicomCFindSCP", "DicomCFindSCP\DicomCFindSCP.csproj", "{0C2A92B6-A08E-4A22-BA1B-54350875E12F}"
EndProject
Project("{FAE04EC0-301F-11D3-BF4B-00C04F79EFBC}") = "DicomCFindSCU", "DicomCFindSCU\DicomCFindSCU.csproj", "{497282F7-5235-48BE-9799-67ABAB8C67DC}"
EndProject
Project("{2150E333-8FDC-42A3-9474-1A3956D46DE8}") = "CStoreService", "CStoreService", "{4A14732F-A64F-48AD-8C9B-649EB831BAF5}"
EndProject
Project("{2150E333-8FDC-42A3-9474-1A3956D46DE8}") = "CFindService", "CFindService", "{C2F2A8CC-CC7D-4724-B548-C14568600065}"
EndProject
Project("{FAE04EC0-301F-11D3-BF4B-00C04F79EFBC}") = "CStoreService", "CStoreService\CStoreService\CStoreService.csproj", "{6C8CCDF3-F217-4519-AE3A-E14B01268F5E}"
EndProject
Project("{FAE04EC0-301F-11D3-BF4B-00C04F79EFBC}") = "CStoreService.ServiceModel", "CStoreService\CStoreService.ServiceModel\CStoreService.ServiceModel.csproj", "{2612B0A3-F344-42EE-8C7D-F8D8427A679E}"
EndProject
Project("{FAE04EC0-301F-11D3-BF4B-00C04F79EFBC}") = "CStoreService.ServiceInterface", "CStoreService\CStoreService.ServiceInterface\CStoreService.ServiceInterface.csproj", "{1E2A2CFF-4662-4DD3-B914-B56FC44801FC}"
EndProject
Project("{FAE04EC0-301F-11D3-BF4B-00C04F79EFBC}") = "CStoreService.Tests", "CStoreService\CStoreService.Tests\CStoreService.Tests.csproj", "{DFA4F0F4-0D0F-4BCA-A2E7-6E3BCDD0538F}"
EndProject
Project("{FAE04EC0-301F-11D3-BF4B-00C04F79EFBC}") = "CFindService", "CFindService\CFindService\CFindService.csproj", "{5845AF4E-F9A2-42E3-9234-53FEF4BB63A8}"
EndProject
Project("{FAE04EC0-301F-11D3-BF4B-00C04F79EFBC}") = "CFindService.ServiceModel", "CFindService\CFindService.ServiceModel\CFindService.ServiceModel.csproj", "{C630E23C-5E46-411A-A6E2-2DB2967842A9}"
EndProject
Project("{FAE04EC0-301F-11D3-BF4B-00C04F79EFBC}") = "CFindService.ServiceInterface", "CFindService\CFindService.ServiceInterface\CFindService.ServiceInterface.csproj", "{E92CD2D5-4D15-4464-8D29-9F69612C5AE5}"
EndProject
Project("{FAE04EC0-301F-11D3-BF4B-00C04F79EFBC}") = "CFindService.Tests", "CFindService\CFindService.Tests\CFindService.Tests.csproj", "{0D6B09C7-30C8-47D2-9AC9-6E0DD48E3261}"
EndProject
Project("{FAE04EC0-301F-11D3-BF4B-00C04F79EFBC}") = "CStoreService.Prossesor", "CStoreService.Prossesor\CStoreService.Prossesor.csproj", "{612F3E89-B036-4084-8700-B88DF8A60049}"
EndProject
Project("{FAE04EC0-301F-11D3-BF4B-00C04F79EFBC}") = "DicomDcmProcessor.Model", "DicomDcmProcessor.Model\DicomDcmProcessor.Model.csproj", "{0F181A77-B38B-46A4-ACF2-E05C6EB36513}"
EndProject
Global
	GlobalSection(SolutionConfigurationPlatforms) = preSolution
		Debug|Any CPU = Debug|Any CPU
		Release|Any CPU = Release|Any CPU
	EndGlobalSection
	GlobalSection(ProjectConfigurationPlatforms) = postSolution
		{5744B01E-8298-4381-9054-87D5D52F6E53}.Debug|Any CPU.ActiveCfg = Debug|Any CPU
		{5744B01E-8298-4381-9054-87D5D52F6E53}.Debug|Any CPU.Build.0 = Debug|Any CPU
		{5744B01E-8298-4381-9054-87D5D52F6E53}.Release|Any CPU.ActiveCfg = Release|Any CPU
		{5744B01E-8298-4381-9054-87D5D52F6E53}.Release|Any CPU.Build.0 = Release|Any CPU
		{7D4BD284-850B-44F6-BB64-0EB9367D8E7E}.Debug|Any CPU.ActiveCfg = Debug|Any CPU
		{7D4BD284-850B-44F6-BB64-0EB9367D8E7E}.Debug|Any CPU.Build.0 = Debug|Any CPU
		{7D4BD284-850B-44F6-BB64-0EB9367D8E7E}.Release|Any CPU.ActiveCfg = Release|Any CPU
		{7D4BD284-850B-44F6-BB64-0EB9367D8E7E}.Release|Any CPU.Build.0 = Release|Any CPU
		{373E3D55-69E4-462C-8D7A-83F8D1910751}.Debug|Any CPU.ActiveCfg = Debug|Any CPU
		{373E3D55-69E4-462C-8D7A-83F8D1910751}.Debug|Any CPU.Build.0 = Debug|Any CPU
		{373E3D55-69E4-462C-8D7A-83F8D1910751}.Release|Any CPU.ActiveCfg = Release|Any CPU
		{373E3D55-69E4-462C-8D7A-83F8D1910751}.Release|Any CPU.Build.0 = Release|Any CPU
		{7155C476-B873-4170-B72B-735150E79F81}.Debug|Any CPU.ActiveCfg = Debug|Any CPU
		{7155C476-B873-4170-B72B-735150E79F81}.Debug|Any CPU.Build.0 = Debug|Any CPU
		{7155C476-B873-4170-B72B-735150E79F81}.Release|Any CPU.ActiveCfg = Release|Any CPU
		{7155C476-B873-4170-B72B-735150E79F81}.Release|Any CPU.Build.0 = Release|Any CPU
		{E221A1A1-1301-405E-9AD2-E6807A03F06A}.Debug|Any CPU.ActiveCfg = Debug|Any CPU
		{E221A1A1-1301-405E-9AD2-E6807A03F06A}.Debug|Any CPU.Build.0 = Debug|Any CPU
		{E221A1A1-1301-405E-9AD2-E6807A03F06A}.Release|Any CPU.ActiveCfg = Release|Any CPU
		{E221A1A1-1301-405E-9AD2-E6807A03F06A}.Release|Any CPU.Build.0 = Release|Any CPU
		{CF36BF58-D08F-425A-9A6A-D0A86C506110}.Debug|Any CPU.ActiveCfg = Debug|Any CPU
		{CF36BF58-D08F-425A-9A6A-D0A86C506110}.Debug|Any CPU.Build.0 = Debug|Any CPU
		{CF36BF58-D08F-425A-9A6A-D0A86C506110}.Release|Any CPU.ActiveCfg = Release|Any CPU
		{CF36BF58-D08F-425A-9A6A-D0A86C506110}.Release|Any CPU.Build.0 = Release|Any CPU
		{8D6DE92C-637E-4433-9810-98D7FBCEA6BA}.Debug|Any CPU.ActiveCfg = Debug|Any CPU
		{8D6DE92C-637E-4433-9810-98D7FBCEA6BA}.Debug|Any CPU.Build.0 = Debug|Any CPU
		{8D6DE92C-637E-4433-9810-98D7FBCEA6BA}.Release|Any CPU.ActiveCfg = Release|Any CPU
		{8D6DE92C-637E-4433-9810-98D7FBCEA6BA}.Release|Any CPU.Build.0 = Release|Any CPU
		{130DED02-5984-487C-93DD-0D264EED140E}.Debug|Any CPU.ActiveCfg = Debug|Any CPU
		{130DED02-5984-487C-93DD-0D264EED140E}.Debug|Any CPU.Build.0 = Debug|Any CPU
		{130DED02-5984-487C-93DD-0D264EED140E}.Release|Any CPU.ActiveCfg = Release|Any CPU
		{130DED02-5984-487C-93DD-0D264EED140E}.Release|Any CPU.Build.0 = Release|Any CPU
		{12B06E45-12F5-4E56-ADB4-5879D98D3105}.Debug|Any CPU.ActiveCfg = Debug|Any CPU
		{12B06E45-12F5-4E56-ADB4-5879D98D3105}.Debug|Any CPU.Build.0 = Debug|Any CPU
		{12B06E45-12F5-4E56-ADB4-5879D98D3105}.Release|Any CPU.ActiveCfg = Release|Any CPU
		{12B06E45-12F5-4E56-ADB4-5879D98D3105}.Release|Any CPU.Build.0 = Release|Any CPU
		{1C2C47EF-D1E9-4666-9CCB-36EC19D26AE7}.Debug|Any CPU.ActiveCfg = Debug|Any CPU
		{1C2C47EF-D1E9-4666-9CCB-36EC19D26AE7}.Debug|Any CPU.Build.0 = Debug|Any CPU
		{1C2C47EF-D1E9-4666-9CCB-36EC19D26AE7}.Release|Any CPU.ActiveCfg = Release|Any CPU
		{1C2C47EF-D1E9-4666-9CCB-36EC19D26AE7}.Release|Any CPU.Build.0 = Release|Any CPU
		{0C2A92B6-A08E-4A22-BA1B-54350875E12F}.Debug|Any CPU.ActiveCfg = Debug|Any CPU
		{0C2A92B6-A08E-4A22-BA1B-54350875E12F}.Debug|Any CPU.Build.0 = Debug|Any CPU
		{0C2A92B6-A08E-4A22-BA1B-54350875E12F}.Release|Any CPU.ActiveCfg = Release|Any CPU
		{0C2A92B6-A08E-4A22-BA1B-54350875E12F}.Release|Any CPU.Build.0 = Release|Any CPU
		{497282F7-5235-48BE-9799-67ABAB8C67DC}.Debug|Any CPU.ActiveCfg = Debug|Any CPU
		{497282F7-5235-48BE-9799-67ABAB8C67DC}.Debug|Any CPU.Build.0 = Debug|Any CPU
		{497282F7-5235-48BE-9799-67ABAB8C67DC}.Release|Any CPU.ActiveCfg = Release|Any CPU
		{497282F7-5235-48BE-9799-67ABAB8C67DC}.Release|Any CPU.Build.0 = Release|Any CPU
		{6C8CCDF3-F217-4519-AE3A-E14B01268F5E}.Debug|Any CPU.ActiveCfg = Debug|Any CPU
		{6C8CCDF3-F217-4519-AE3A-E14B01268F5E}.Debug|Any CPU.Build.0 = Debug|Any CPU
		{6C8CCDF3-F217-4519-AE3A-E14B01268F5E}.Release|Any CPU.ActiveCfg = Release|Any CPU
		{6C8CCDF3-F217-4519-AE3A-E14B01268F5E}.Release|Any CPU.Build.0 = Release|Any CPU
		{2612B0A3-F344-42EE-8C7D-F8D8427A679E}.Debug|Any CPU.ActiveCfg = Debug|Any CPU
		{2612B0A3-F344-42EE-8C7D-F8D8427A679E}.Debug|Any CPU.Build.0 = Debug|Any CPU
		{2612B0A3-F344-42EE-8C7D-F8D8427A679E}.Release|Any CPU.ActiveCfg = Release|Any CPU
		{2612B0A3-F344-42EE-8C7D-F8D8427A679E}.Release|Any CPU.Build.0 = Release|Any CPU
		{1E2A2CFF-4662-4DD3-B914-B56FC44801FC}.Debug|Any CPU.ActiveCfg = Debug|Any CPU
		{1E2A2CFF-4662-4DD3-B914-B56FC44801FC}.Debug|Any CPU.Build.0 = Debug|Any CPU
		{1E2A2CFF-4662-4DD3-B914-B56FC44801FC}.Release|Any CPU.ActiveCfg = Release|Any CPU
		{1E2A2CFF-4662-4DD3-B914-B56FC44801FC}.Release|Any CPU.Build.0 = Release|Any CPU
		{DFA4F0F4-0D0F-4BCA-A2E7-6E3BCDD0538F}.Debug|Any CPU.ActiveCfg = Debug|Any CPU
		{DFA4F0F4-0D0F-4BCA-A2E7-6E3BCDD0538F}.Debug|Any CPU.Build.0 = Debug|Any CPU
		{DFA4F0F4-0D0F-4BCA-A2E7-6E3BCDD0538F}.Release|Any CPU.ActiveCfg = Release|Any CPU
		{DFA4F0F4-0D0F-4BCA-A2E7-6E3BCDD0538F}.Release|Any CPU.Build.0 = Release|Any CPU
		{5845AF4E-F9A2-42E3-9234-53FEF4BB63A8}.Debug|Any CPU.ActiveCfg = Debug|Any CPU
		{5845AF4E-F9A2-42E3-9234-53FEF4BB63A8}.Debug|Any CPU.Build.0 = Debug|Any CPU
		{5845AF4E-F9A2-42E3-9234-53FEF4BB63A8}.Release|Any CPU.ActiveCfg = Release|Any CPU
		{5845AF4E-F9A2-42E3-9234-53FEF4BB63A8}.Release|Any CPU.Build.0 = Release|Any CPU
		{C630E23C-5E46-411A-A6E2-2DB2967842A9}.Debug|Any CPU.ActiveCfg = Debug|Any CPU
		{C630E23C-5E46-411A-A6E2-2DB2967842A9}.Debug|Any CPU.Build.0 = Debug|Any CPU
		{C630E23C-5E46-411A-A6E2-2DB2967842A9}.Release|Any CPU.ActiveCfg = Release|Any CPU
		{C630E23C-5E46-411A-A6E2-2DB2967842A9}.Release|Any CPU.Build.0 = Release|Any CPU
		{E92CD2D5-4D15-4464-8D29-9F69612C5AE5}.Debug|Any CPU.ActiveCfg = Debug|Any CPU
		{E92CD2D5-4D15-4464-8D29-9F69612C5AE5}.Debug|Any CPU.Build.0 = Debug|Any CPU
		{E92CD2D5-4D15-4464-8D29-9F69612C5AE5}.Release|Any CPU.ActiveCfg = Release|Any CPU
		{E92CD2D5-4D15-4464-8D29-9F69612C5AE5}.Release|Any CPU.Build.0 = Release|Any CPU
		{0D6B09C7-30C8-47D2-9AC9-6E0DD48E3261}.Debug|Any CPU.ActiveCfg = Debug|Any CPU
		{0D6B09C7-30C8-47D2-9AC9-6E0DD48E3261}.Debug|Any CPU.Build.0 = Debug|Any CPU
		{0D6B09C7-30C8-47D2-9AC9-6E0DD48E3261}.Release|Any CPU.ActiveCfg = Release|Any CPU
		{0D6B09C7-30C8-47D2-9AC9-6E0DD48E3261}.Release|Any CPU.Build.0 = Release|Any CPU
		{612F3E89-B036-4084-8700-B88DF8A60049}.Debug|Any CPU.ActiveCfg = Debug|Any CPU
		{612F3E89-B036-4084-8700-B88DF8A60049}.Debug|Any CPU.Build.0 = Debug|Any CPU
		{612F3E89-B036-4084-8700-B88DF8A60049}.Release|Any CPU.ActiveCfg = Release|Any CPU
		{612F3E89-B036-4084-8700-B88DF8A60049}.Release|Any CPU.Build.0 = Release|Any CPU
		{0F181A77-B38B-46A4-ACF2-E05C6EB36513}.Debug|Any CPU.ActiveCfg = Debug|Any CPU
		{0F181A77-B38B-46A4-ACF2-E05C6EB36513}.Debug|Any CPU.Build.0 = Debug|Any CPU
		{0F181A77-B38B-46A4-ACF2-E05C6EB36513}.Release|Any CPU.ActiveCfg = Release|Any CPU
		{0F181A77-B38B-46A4-ACF2-E05C6EB36513}.Release|Any CPU.Build.0 = Release|Any CPU
	EndGlobalSection
	GlobalSection(SolutionProperties) = preSolution
		HideSolutionNode = FALSE
	EndGlobalSection
	GlobalSection(NestedProjects) = preSolution
		{5744B01E-8298-4381-9054-87D5D52F6E53} = {053C117C-EC07-478C-9E58-4BE3CFAC201F}
		{7D4BD284-850B-44F6-BB64-0EB9367D8E7E} = {053C117C-EC07-478C-9E58-4BE3CFAC201F}
		{373E3D55-69E4-462C-8D7A-83F8D1910751} = {4DB06C14-D0CB-4F3D-98E7-AB20A5584A11}
		{E221A1A1-1301-405E-9AD2-E6807A03F06A} = {4DB06C14-D0CB-4F3D-98E7-AB20A5584A11}
		{CF36BF58-D08F-425A-9A6A-D0A86C506110} = {1246C4C0-4196-4D64-9B3C-96FA11306766}
		{8D6DE92C-637E-4433-9810-98D7FBCEA6BA} = {1246C4C0-4196-4D64-9B3C-96FA11306766}
		{130DED02-5984-487C-93DD-0D264EED140E} = {1246C4C0-4196-4D64-9B3C-96FA11306766}
		{12B06E45-12F5-4E56-ADB4-5879D98D3105} = {1246C4C0-4196-4D64-9B3C-96FA11306766}
		{1246C4C0-4196-4D64-9B3C-96FA11306766} = {E6500872-54AE-452C-AD47-56A909E41676}
		{1C2C47EF-D1E9-4666-9CCB-36EC19D26AE7} = {1246C4C0-4196-4D64-9B3C-96FA11306766}
		{0C2A92B6-A08E-4A22-BA1B-54350875E12F} = {BEB53658-CC4E-4C60-8378-D3B2B9E20D3E}
		{497282F7-5235-48BE-9799-67ABAB8C67DC} = {BEB53658-CC4E-4C60-8378-D3B2B9E20D3E}
		{4A14732F-A64F-48AD-8C9B-649EB831BAF5} = {E6500872-54AE-452C-AD47-56A909E41676}
		{C2F2A8CC-CC7D-4724-B548-C14568600065} = {E6500872-54AE-452C-AD47-56A909E41676}
		{6C8CCDF3-F217-4519-AE3A-E14B01268F5E} = {4A14732F-A64F-48AD-8C9B-649EB831BAF5}
		{2612B0A3-F344-42EE-8C7D-F8D8427A679E} = {4A14732F-A64F-48AD-8C9B-649EB831BAF5}
		{1E2A2CFF-4662-4DD3-B914-B56FC44801FC} = {4A14732F-A64F-48AD-8C9B-649EB831BAF5}
		{DFA4F0F4-0D0F-4BCA-A2E7-6E3BCDD0538F} = {4A14732F-A64F-48AD-8C9B-649EB831BAF5}
		{5845AF4E-F9A2-42E3-9234-53FEF4BB63A8} = {C2F2A8CC-CC7D-4724-B548-C14568600065}
		{C630E23C-5E46-411A-A6E2-2DB2967842A9} = {C2F2A8CC-CC7D-4724-B548-C14568600065}
		{E92CD2D5-4D15-4464-8D29-9F69612C5AE5} = {C2F2A8CC-CC7D-4724-B548-C14568600065}
		{0D6B09C7-30C8-47D2-9AC9-6E0DD48E3261} = {C2F2A8CC-CC7D-4724-B548-C14568600065}
		{612F3E89-B036-4084-8700-B88DF8A60049} = {4A14732F-A64F-48AD-8C9B-649EB831BAF5}
		{0F181A77-B38B-46A4-ACF2-E05C6EB36513} = {1246C4C0-4196-4D64-9B3C-96FA11306766}
	EndGlobalSection
	GlobalSection(ExtensibilityGlobals) = postSolution
		SolutionGuid = {B7B39F28-2260-410E-87F4-25BDDE92C32B}
	EndGlobalSection
EndGlobal
